
Microsoft Visual Studio Solution File, Format Version 12.00
# Visual Studio Version 17
VisualStudioVersion = 17.0.32126.317
MinimumVisualStudioVersion = 10.0.40219.1
Project("{FAE04EC0-301F-11D3-BF4B-00C04F79EFBC}") = "Homework", "Homework\Homework.csproj", "{5E51358A-BDB9-45C4-8EC4-66C96ED5AB5D}"
EndProject
Project("{FAE04EC0-301F-11D3-BF4B-00C04F79EFBC}") = "LessonThread", "LessonThread\LessonThread.csproj", "{C6B40EF7-9B97-4D25-96BF-AD7102C2D7AF}"
EndProject
Project("{FAE04EC0-301F-11D3-BF4B-00C04F79EFBC}") = "ProgressbarApp", "ProgressbarApp\ProgressbarApp.csproj", "{0097FCCC-4BC5-482B-AA03-FF3DB3EE00A4}"
EndProject
Project("{FAE04EC0-301F-11D3-BF4B-00C04F79EFBC}") = "LessonReflection", "LessonReflection\LessonReflection.csproj", "{EC0049B6-8F75-4519-B44B-82826EFB6340}"
EndProject
Global
	GlobalSection(SolutionConfigurationPlatforms) = preSolution
		Debug|Any CPU = Debug|Any CPU
		Release|Any CPU = Release|Any CPU
	EndGlobalSection
	GlobalSection(ProjectConfigurationPlatforms) = postSolution
		{5E51358A-BDB9-45C4-8EC4-66C96ED5AB5D}.Debug|Any CPU.ActiveCfg = Debug|Any CPU
		{5E51358A-BDB9-45C4-8EC4-66C96ED5AB5D}.Debug|Any CPU.Build.0 = Debug|Any CPU
		{5E51358A-BDB9-45C4-8EC4-66C96ED5AB5D}.Release|Any CPU.ActiveCfg = Release|Any CPU
		{5E51358A-BDB9-45C4-8EC4-66C96ED5AB5D}.Release|Any CPU.Build.0 = Release|Any CPU
		{C6B40EF7-9B97-4D25-96BF-AD7102C2D7AF}.Debug|Any CPU.ActiveCfg = Debug|Any CPU
		{C6B40EF7-9B97-4D25-96BF-AD7102C2D7AF}.Debug|Any CPU.Build.0 = Debug|Any CPU
		{C6B40EF7-9B97-4D25-96BF-AD7102C2D7AF}.Release|Any CPU.ActiveCfg = Release|Any CPU
		{C6B40EF7-9B97-4D25-96BF-AD7102C2D7AF}.Release|Any CPU.Build.0 = Release|Any CPU
		{0097FCCC-4BC5-482B-AA03-FF3DB3EE00A4}.Debug|Any CPU.ActiveCfg = Debug|Any CPU
		{0097FCCC-4BC5-482B-AA03-FF3DB3EE00A4}.Debug|Any CPU.Build.0 = Debug|Any CPU
		{0097FCCC-4BC5-482B-AA03-FF3DB3EE00A4}.Release|Any CPU.ActiveCfg = Release|Any CPU
		{0097FCCC-4BC5-482B-AA03-FF3DB3EE00A4}.Release|Any CPU.Build.0 = Release|Any CPU
		{EC0049B6-8F75-4519-B44B-82826EFB6340}.Debug|Any CPU.ActiveCfg = Debug|Any CPU
		{EC0049B6-8F75-4519-B44B-82826EFB6340}.Debug|Any CPU.Build.0 = Debug|Any CPU
		{EC0049B6-8F75-4519-B44B-82826EFB6340}.Release|Any CPU.ActiveCfg = Release|Any CPU
		{EC0049B6-8F75-4519-B44B-82826EFB6340}.Release|Any CPU.Build.0 = Release|Any CPU
	EndGlobalSection
	GlobalSection(SolutionProperties) = preSolution
		HideSolutionNode = FALSE
	EndGlobalSection
	GlobalSection(ExtensibilityGlobals) = postSolution
		SolutionGuid = {6DCDAEA2-BE20-41DB-B47E-685696007E80}
	EndGlobalSection
EndGlobal
